
Microsoft Visual Studio Solution File, Format Version 12.00
# Visual Studio 15
VisualStudioVersion = 15.0.27130.2010
MinimumVisualStudioVersion = 10.0.40219.1
Project("{8BC9CEB8-8B4A-11D0-8D11-00A0C91BC942}") = "First", "First\First.vcxproj", "{7D75A034-2C69-4E06-AED4-88F75229FD62}"
EndProject
Project("{8BC9CEB8-8B4A-11D0-8D11-00A0C91BC942}") = "Texture2DClass", "Texture2DClass\Texture2DClass.vcxproj", "{DFB59A03-1B30-4D0E-9BE8-4E37DADCA7AA}"
EndProject
Project("{8BC9CEB8-8B4A-11D0-8D11-00A0C91BC942}") = "LoadPicture", "LoadPicture\LoadPicture.vcxproj", "{BF6514DE-2788-41A5-AEC3-C36F426ABBC5}"
EndProject
Project("{8BC9CEB8-8B4A-11D0-8D11-00A0C91BC942}") = "OlderDriver", "OlderDriver\OlderDriver.vcxproj", "{A6061AB0-1A12-415E-BAAC-F901DAD2B001}"
EndProject
Project("{8BC9CEB8-8B4A-11D0-8D11-00A0C91BC942}") = "ShaderCompiler", "ShaderCompiler\ShaderCompiler.vcxproj", "{AAE21600-E2FE-494D-8E0C-190D52287EBB}"
EndProject
Project("{8BC9CEB8-8B4A-11D0-8D11-00A0C91BC942}") = "OldestDriver", "OldestDriver\OldestDriver.vcxproj", "{953A72AC-B4B9-444F-BF49-85B672676816}"
EndProject
Project("{2150E333-8FDC-42A3-9474-1A3956D46DE8}") = "Utility", "Utility", "{E725ADC2-94D6-47DB-B518-700AFB9EB1D8}"
	ProjectSection(SolutionItems) = preProject
		Utility\embeddedruby.h = Utility\embeddedruby.h
		Utility\fpstimer.h = Utility\fpstimer.h
		Utility\HFBuffer.h = Utility\HFBuffer.h
		Utility\NativeThread.h = Utility\NativeThread.h
		Utility\referptr.h = Utility\referptr.h
		Utility\shapes.h = Utility\shapes.h
	EndProjectSection
EndProject
Global
	GlobalSection(SolutionConfigurationPlatforms) = preSolution
		Debug|x64 = Debug|x64
		Debug|x86 = Debug|x86
		Release|x64 = Release|x64
		Release|x86 = Release|x86
	EndGlobalSection
	GlobalSection(ProjectConfigurationPlatforms) = postSolution
		{7D75A034-2C69-4E06-AED4-88F75229FD62}.Debug|x64.ActiveCfg = Debug|x64
		{7D75A034-2C69-4E06-AED4-88F75229FD62}.Debug|x64.Build.0 = Debug|x64
		{7D75A034-2C69-4E06-AED4-88F75229FD62}.Debug|x86.ActiveCfg = Debug|Win32
		{7D75A034-2C69-4E06-AED4-88F75229FD62}.Debug|x86.Build.0 = Debug|Win32
		{7D75A034-2C69-4E06-AED4-88F75229FD62}.Release|x64.ActiveCfg = Release|x64
		{7D75A034-2C69-4E06-AED4-88F75229FD62}.Release|x64.Build.0 = Release|x64
		{7D75A034-2C69-4E06-AED4-88F75229FD62}.Release|x86.ActiveCfg = Release|Win32
		{7D75A034-2C69-4E06-AED4-88F75229FD62}.Release|x86.Build.0 = Release|Win32
		{DFB59A03-1B30-4D0E-9BE8-4E37DADCA7AA}.Debug|x64.ActiveCfg = Debug|x64
		{DFB59A03-1B30-4D0E-9BE8-4E37DADCA7AA}.Debug|x64.Build.0 = Debug|x64
		{DFB59A03-1B30-4D0E-9BE8-4E37DADCA7AA}.Debug|x86.ActiveCfg = Debug|Win32
		{DFB59A03-1B30-4D0E-9BE8-4E37DADCA7AA}.Debug|x86.Build.0 = Debug|Win32
		{DFB59A03-1B30-4D0E-9BE8-4E37DADCA7AA}.Release|x64.ActiveCfg = Release|x64
		{DFB59A03-1B30-4D0E-9BE8-4E37DADCA7AA}.Release|x64.Build.0 = Release|x64
		{DFB59A03-1B30-4D0E-9BE8-4E37DADCA7AA}.Release|x86.ActiveCfg = Release|Win32
		{DFB59A03-1B30-4D0E-9BE8-4E37DADCA7AA}.Release|x86.Build.0 = Release|Win32
		{BF6514DE-2788-41A5-AEC3-C36F426ABBC5}.Debug|x64.ActiveCfg = Debug|x64
		{BF6514DE-2788-41A5-AEC3-C36F426ABBC5}.Debug|x64.Build.0 = Debug|x64
		{BF6514DE-2788-41A5-AEC3-C36F426ABBC5}.Debug|x86.ActiveCfg = Debug|Win32
		{BF6514DE-2788-41A5-AEC3-C36F426ABBC5}.Debug|x86.Build.0 = Debug|Win32
		{BF6514DE-2788-41A5-AEC3-C36F426ABBC5}.Release|x64.ActiveCfg = Release|x64
		{BF6514DE-2788-41A5-AEC3-C36F426ABBC5}.Release|x64.Build.0 = Release|x64
		{BF6514DE-2788-41A5-AEC3-C36F426ABBC5}.Release|x86.ActiveCfg = Release|Win32
		{BF6514DE-2788-41A5-AEC3-C36F426ABBC5}.Release|x86.Build.0 = Release|Win32
		{A6061AB0-1A12-415E-BAAC-F901DAD2B001}.Debug|x64.ActiveCfg = Debug|x64
		{A6061AB0-1A12-415E-BAAC-F901DAD2B001}.Debug|x64.Build.0 = Debug|x64
		{A6061AB0-1A12-415E-BAAC-F901DAD2B001}.Debug|x86.ActiveCfg = Debug|Win32
		{A6061AB0-1A12-415E-BAAC-F901DAD2B001}.Debug|x86.Build.0 = Debug|Win32
		{A6061AB0-1A12-415E-BAAC-F901DAD2B001}.Release|x64.ActiveCfg = Release|x64
		{A6061AB0-1A12-415E-BAAC-F901DAD2B001}.Release|x64.Build.0 = Release|x64
		{A6061AB0-1A12-415E-BAAC-F901DAD2B001}.Release|x86.ActiveCfg = Release|Win32
		{A6061AB0-1A12-415E-BAAC-F901DAD2B001}.Release|x86.Build.0 = Release|Win32
		{AAE21600-E2FE-494D-8E0C-190D52287EBB}.Debug|x64.ActiveCfg = Debug|x64
		{AAE21600-E2FE-494D-8E0C-190D52287EBB}.Debug|x64.Build.0 = Debug|x64
		{AAE21600-E2FE-494D-8E0C-190D52287EBB}.Debug|x86.ActiveCfg = Debug|Win32
		{AAE21600-E2FE-494D-8E0C-190D52287EBB}.Debug|x86.Build.0 = Debug|Win32
		{AAE21600-E2FE-494D-8E0C-190D52287EBB}.Release|x64.ActiveCfg = Release|x64
		{AAE21600-E2FE-494D-8E0C-190D52287EBB}.Release|x64.Build.0 = Release|x64
		{AAE21600-E2FE-494D-8E0C-190D52287EBB}.Release|x86.ActiveCfg = Release|Win32
		{AAE21600-E2FE-494D-8E0C-190D52287EBB}.Release|x86.Build.0 = Release|Win32
		{953A72AC-B4B9-444F-BF49-85B672676816}.Debug|x64.ActiveCfg = Debug|x64
		{953A72AC-B4B9-444F-BF49-85B672676816}.Debug|x64.Build.0 = Debug|x64
		{953A72AC-B4B9-444F-BF49-85B672676816}.Debug|x86.ActiveCfg = Debug|Win32
		{953A72AC-B4B9-444F-BF49-85B672676816}.Debug|x86.Build.0 = Debug|Win32
		{953A72AC-B4B9-444F-BF49-85B672676816}.Release|x64.ActiveCfg = Release|x64
		{953A72AC-B4B9-444F-BF49-85B672676816}.Release|x64.Build.0 = Release|x64
		{953A72AC-B4B9-444F-BF49-85B672676816}.Release|x86.ActiveCfg = Release|Win32
		{953A72AC-B4B9-444F-BF49-85B672676816}.Release|x86.Build.0 = Release|Win32
	EndGlobalSection
	GlobalSection(SolutionProperties) = preSolution
		HideSolutionNode = FALSE
	EndGlobalSection
	GlobalSection(ExtensibilityGlobals) = postSolution
		SolutionGuid = {BFBE0539-903A-443B-8AA9-7B7CC0D8EBCA}
	EndGlobalSection
EndGlobal
